
Microsoft Visual Studio Solution File, Format Version 12.00
# Visual Studio Version 17
VisualStudioVersion = 17.10.35122.118
MinimumVisualStudioVersion = 10.0.40219.1
Project("{FAE04EC0-301F-11D3-BF4B-00C04F79EFBC}") = "if else calculator", "if else calculator.csproj", "{2A7BC502-372F-4FCC-97E9-9609E4A106CD}"
EndProject
Global
	GlobalSection(SolutionConfigurationPlatforms) = preSolution
		Debug|Any CPU = Debug|Any CPU
		Release|Any CPU = Release|Any CPU
	EndGlobalSection
	GlobalSection(ProjectConfigurationPlatforms) = postSolution
		{2A7BC502-372F-4FCC-97E9-9609E4A106CD}.Debug|Any CPU.ActiveCfg = Debug|Any CPU
		{2A7BC502-372F-4FCC-97E9-9609E4A106CD}.Debug|Any CPU.Build.0 = Debug|Any CPU
		{2A7BC502-372F-4FCC-97E9-9609E4A106CD}.Release|Any CPU.ActiveCfg = Release|Any CPU
		{2A7BC502-372F-4FCC-97E9-9609E4A106CD}.Release|Any CPU.Build.0 = Release|Any CPU
	EndGlobalSection
	GlobalSection(SolutionProperties) = preSolution
		HideSolutionNode = FALSE
	EndGlobalSection
	GlobalSection(ExtensibilityGlobals) = postSolution
		SolutionGuid = {5EDC25E5-AB26-4DDB-B1E4-7DBB3FCAC3E5}
	EndGlobalSection
EndGlobal
